// !$*UTF8*$!
{
	archiveVersion = 1;
	classes = {
	};
	objectVersion = 77;
	objects = {

/* Begin PBXBuildFile section */
		89CBBE5A301D75B30083ACEE /* FirebaseCore in Frameworks */ = {isa = PBXBuildFile; productRef = 89CBBE59301D75B30083ACEE /* FirebaseCore */; };
		89CBBE5C301D75CE0083ACEE /* FirebaseMessaging in Frameworks */ = {isa = PBXBuildFile; productRef = 89CBBE5B301D75CE0083ACEE /* FirebaseMessaging */; };
		EK10000000000000000002 /* CmcEkycSDK.xcframework in Frameworks */ = {isa = PBXBuildFile; fileRef = EK10000000000000000001 /* CmcEkycSDK.xcframework */; };
		EK10000000000000000003 /* CmcEkycSDK.xcframework in Embed Frameworks */ = {isa = PBXBuildFile; fileRef = EK10000000000000000001 /* CmcEkycSDK.xcframework */; settings = {ATTRIBUTES = (CodeSignOnCopy, RemoveHeadersOnCopy, ); }; };
		EK20000000000000000002 /* KalapaSDK.xcframework in Frameworks */ = {isa = PBXBuildFile; fileRef = EK20000000000000000001 /* KalapaSDK.xcframework */; };
		EK20000000000000000003 /* KalapaSDK.xcframework in Embed Frameworks */ = {isa = PBXBuildFile; fileRef = EK20000000000000000001 /* KalapaSDK.xcframework */; settings = {ATTRIBUTES = (CodeSignOnCopy, RemoveHeadersOnCopy, ); }; };
		EK30000000000000000002 /* iProov.xcframework in Frameworks */ = {isa = PBXBuildFile; fileRef = EK30000000000000000001 /* iProov.xcframework */; };
		EK30000000000000000003 /* iProov.xcframework in Embed Frameworks */ = {isa = PBXBuildFile; fileRef = EK30000000000000000001 /* iProov.xcframework */; settings = {ATTRIBUTES = (CodeSignOnCopy, RemoveHeadersOnCopy, ); }; };
/* End PBXBuildFile section */

/* Begin PBXCopyFilesBuildPhase section */
		EK0000000000000000000A /* Embed Frameworks */ = {
			isa = PBXCopyFilesBuildPhase;
			buildActionMask = 2147483647;
			dstPath = "";
			dstSubfolderSpec = 10;
			files = (
				EK10000000000000000003 /* CmcEkycSDK.xcframework in Embed Frameworks */,
				EK20000000000000000003 /* KalapaSDK.xcframework in Embed Frameworks */,
				EK30000000000000000003 /* iProov.xcframework in Embed Frameworks */,
			);
			name = "Embed Frameworks";
			runOnlyForDeploymentPostprocessing = 0;
		};
/* End PBXCopyFilesBuildPhase section */

/* Begin PBXFileReference section */
		5ECA2C37DBF830F3D6D54DD6 /* Config.xcconfig */ = {isa = PBXFileReference; includeInIndex = 1; lastKnownFileType = text.xcconfig; path = Config.xcconfig; sourceTree = "<group>"; };
		89403DF1301B9CFB002E3549 /* nano ewallet.app */ = {isa = PBXFileReference; explicitFileType = wrapper.application; includeInIndex = 0; path = "nano ewallet.app"; sourceTree = BUILT_PRODUCTS_DIR; };
		EK10000000000000000001 /* CmcEkycSDK.xcframework */ = {isa = PBXFileReference; lastKnownFileType = wrapper.xcframework; name = CmcEkycSDK.xcframework; path = Frameworks/CmcEkycSDK.xcframework; sourceTree = "<group>"; };
		EK20000000000000000001 /* KalapaSDK.xcframework */ = {isa = PBXFileReference; lastKnownFileType = wrapper.xcframework; name = KalapaSDK.xcframework; path = Frameworks/KalapaSDK.xcframework; sourceTree = "<group>"; };
		EK30000000000000000001 /* iProov.xcframework */ = {isa = PBXFileReference; expectedSignature = "AppleDeveloperProgram:622Y49N79Q:iProov Limited"; lastKnownFileType = wrapper.xcframework; name = iProov.xcframework; path = Frameworks/iProov.xcframework; sourceTree = "<group>"; };
/* End PBXFileReference section */

/* Begin PBXFileSystemSynchronizedBuildFileExceptionSet section */
		89CBBD6C301D72EE0083ACEE /* Exceptions for "nano ewallet" folder in "nano ewallet" target */ = {
			isa = PBXFileSystemSynchronizedBuildFileExceptionSet;
			membershipExceptions = (
				Info.plist,
			);
			target = 89403DF0301B9CFB002E3549 /* nano ewallet */;
		};
/* End PBXFileSystemSynchronizedBuildFileExceptionSet section */

/* Begin PBXFileSystemSynchronizedRootGroup section */
		89403DF3301B9CFB002E3549 /* nano ewallet */ = {
			isa = PBXFileSystemSynchronizedRootGroup;
			exceptions = (
				89CBBD6C301D72EE0083ACEE /* Exceptions for "nano ewallet" folder in "nano ewallet" target */,
			);
			path = "nano ewallet";
			sourceTree = "<group>";
		};
/* End PBXFileSystemSynchronizedRootGroup section */

/* Begin PBXFrameworksBuildPhase section */
		89403DEE301B9CFB002E3549 /* Frameworks */ = {
			isa = PBXFrameworksBuildPhase;
			buildActionMask = 2147483647;
			files = (
				89CBBE5C301D75CE0083ACEE /* FirebaseMessaging in Frameworks */,
				89CBBE5A301D75B30083ACEE /* FirebaseCore in Frameworks */,
				EK10000000000000000002 /* CmcEkycSDK.xcframework in Frameworks */,
				EK20000000000000000002 /* KalapaSDK.xcframework in Frameworks */,
				EK30000000000000000002 /* iProov.xcframework in Frameworks */,
			);
			runOnlyForDeploymentPostprocessing = 0;
		};
/* End PBXFrameworksBuildPhase section */

/* Begin PBXGroup section */
		89403DE8301B9CFB002E3549 = {
			isa = PBXGroup;
			children = (
				89403DF3301B9CFB002E3549 /* nano ewallet */,
				89CBBE58301D75B30083ACEE /* Frameworks */,
				89403DF2301B9CFB002E3549 /* Products */,
				5ECA2C37DBF830F3D6D54DD6 /* Config.xcconfig */,
			);
			sourceTree = "<group>";
		};
		89403DF2301B9CFB002E3549 /* Products */ = {
			isa = PBXGroup;
			children = (
				89403DF1301B9CFB002E3549 /* nano ewallet.app */,
			);
			name = Products;
			sourceTree = "<group>";
		};
		89CBBE58301D75B30083ACEE /* Frameworks */ = {
			isa = PBXGroup;
			children = (
				EK10000000000000000001 /* CmcEkycSDK.xcframework */,
				EK20000000000000000001 /* KalapaSDK.xcframework */,
				EK30000000000000000001 /* iProov.xcframework */,
			);
			name = Frameworks;
			sourceTree = "<group>";
		};
/* End PBXGroup section */

/* Begin PBXNativeTarget section */
		89403DF0301B9CFB002E3549 /* nano ewallet */ = {
			isa = PBXNativeTarget;
			buildConfigurationList = 89403DFC301B9CFC002E3549 /* Build configuration list for PBXNativeTarget "nano ewallet" */;
			buildPhases = (
				89403DED301B9CFB002E3549 /* Sources */,
				89403DEE301B9CFB002E3549 /* Frameworks */,
				89403DEF301B9CFB002E3549 /* Resources */,
				EK0000000000000000000A /* Embed Frameworks */,
			);
			buildRules = (
			);
			dependencies = (
			);
			fileSystemSynchronizedGroups = (
				89403DF3301B9CFB002E3549 /* nano ewallet */,
			);
			name = "nano ewallet";
			packageProductDependencies = (
				89CBBE59301D75B30083ACEE /* FirebaseCore */,
				89CBBE5B301D75CE0083ACEE /* FirebaseMessaging */,
			);
			productName = "nano ewallet";
			productReference = 89403DF1301B9CFB002E3549 /* nano ewallet.app */;
			productType = "com.apple.product-type.application";
		};
/* End PBXNativeTarget section */

/* Begin PBXProject section */
		89403DE9301B9CFB002E3549 /* Project object */ = {
			isa = PBXProject;
			attributes = {
				BuildIndependentTargetsInParallel = 1;
				LastSwiftUpdateCheck = 2660;
				LastUpgradeCheck = 2660;
				TargetAttributes = {
					89403DF0301B9CFB002E3549 = {
						CreatedOnToolsVersion = 26.6;
					};
				};
			};
			buildConfigurationList = 89403DEC301B9CFB002E3549 /* Build configuration list for PBXProject "nano ewallet" */;
			developmentRegion = en;
			hasScannedForEncodings = 0;
			knownRegions = (
				en,
				Base,
			);
			mainGroup = 89403DE8301B9CFB002E3549;
			minimizedProjectReferenceProxies = 1;
			packageReferences = (
				89CBBE57301D759C0083ACEE /* XCRemoteSwiftPackageReference "firebase-ios-sdk" */,
			);
			preferredProjectObjectVersion = 77;
			productRefGroup = 89403DF2301B9CFB002E3549 /* Products */;
			projectDirPath = "";
			projectRoot = "";
			targets = (
				89403DF0301B9CFB002E3549 /* nano ewallet */,
			);
		};
/* End PBXProject section */

/* Begin PBXResourcesBuildPhase section */
		89403DEF301B9CFB002E3549 /* Resources */ = {
			isa = PBXResourcesBuildPhase;
			buildActionMask = 2147483647;
			files = (
			);
			runOnlyForDeploymentPostprocessing = 0;
		};
/* End PBXResourcesBuildPhase section */

/* Begin PBXSourcesBuildPhase section */
		89403DED301B9CFB002E3549 /* Sources */ = {
			isa = PBXSourcesBuildPhase;
			buildActionMask = 2147483647;
			files = (
			);
			runOnlyForDeploymentPostprocessing = 0;
		};
/* End PBXSourcesBuildPhase section */

/* Begin XCBuildConfiguration section */
		89403DFA301B9CFC002E3549 /* Debug */ = {
			isa = XCBuildConfiguration;
			baseConfigurationReference = 5ECA2C37DBF830F3D6D54DD6 /* Config.xcconfig */;
			buildSettings = {
				ALWAYS_SEARCH_USER_PATHS = NO;
				ASSETCATALOG_COMPILER_GENERATE_SWIFT_ASSET_SYMBOL_EXTENSIONS = YES;
				CLANG_ANALYZER_NONNULL = YES;
				CLANG_ANALYZER_NUMBER_OBJECT_CONVERSION = YES_AGGRESSIVE;
				CLANG_CXX_LANGUAGE_STANDARD = "gnu++20";
				CLANG_ENABLE_MODULES = YES;
				CLANG_ENABLE_OBJC_ARC = YES;
				CLANG_ENABLE_OBJC_WEAK = YES;
				CLANG_WARN_BLOCK_CAPTURE_AUTORELEASING = YES;
				CLANG_WARN_BOOL_CONVERSION = YES;
				CLANG_WARN_COMMA = YES;
				CLANG_WARN_CONSTANT_CONVERSION = YES;
				CLANG_WARN_DEPRECATED_OBJC_IMPLEMENTATIONS = YES;
				CLANG_WARN_DIRECT_OBJC_ISA_USAGE = YES_ERROR;
				CLANG_WARN_DOCUMENTATION_COMMENTS = YES;
				CLANG_WARN_EMPTY_BODY = YES;
				CLANG_WARN_ENUM_CONVERSION = YES;
				CLANG_WARN_INFINITE_RECURSION = YES;
				CLANG_WARN_INT_CONVERSION = YES;
				CLANG_WARN_NON_LITERAL_NULL_CONVERSION = YES;
				CLANG_WARN_OBJC_IMPLICIT_RETAIN_SELF = YES;
				CLANG_WARN_OBJC_LITERAL_CONVERSION = YES;
				CLANG_WARN_OBJC_ROOT_CLASS = YES_ERROR;
				CLANG_WARN_QUOTED_INCLUDE_IN_FRAMEWORK_HEADER = YES;
				CLANG_WARN_RANGE_LOOP_ANALYSIS = YES;
				CLANG_WARN_STRICT_PROTOTYPES = YES;
				CLANG_WARN_SUSPICIOUS_MOVE = YES;
				CLANG_WARN_UNGUARDED_AVAILABILITY = YES_AGGRESSIVE;
				CLANG_WARN_UNREACHABLE_CODE = YES;
				CLANG_WARN__DUPLICATE_METHOD_MATCH = YES;
				COPY_PHASE_STRIP = NO;
				DEBUG_INFORMATION_FORMAT = dwarf;
				ENABLE_STRICT_OBJC_MSGSEND = YES;
				ENABLE_TESTABILITY = YES;
				ENABLE_USER_SCRIPT_SANDBOXING = YES;
				GCC_C_LANGUAGE_STANDARD = gnu17;
				GCC_DYNAMIC_NO_PIC = NO;
				GCC_NO_COMMON_BLOCKS = YES;
				GCC_OPTIMIZATION_LEVEL = 0;
				GCC_PREPROCESSOR_DEFINITIONS = (
					"DEBUG=1",
					"$(inherited)",
				);
				GCC_WARN_64_TO_32_BIT_CONVERSION = YES;
				GCC_WARN_ABOUT_RETURN_TYPE = YES_ERROR;
				GCC_WARN_UNDECLARED_SELECTOR = YES;
				GCC_WARN_UNINITIALIZED_AUTOS = YES_AGGRESSIVE;
				GCC_WARN_UNUSED_FUNCTION = YES;
				GCC_WARN_UNUSED_VARIABLE = YES;
				IPHONEOS_DEPLOYMENT_TARGET = 16.0;
				LOCALIZATION_PREFERS_STRING_CATALOGS = YES;
				MTL_ENABLE_DEBUG_INFO = INCLUDE_SOURCE;
				MTL_FAST_MATH = YES;
				ONLY_ACTIVE_ARCH = YES;
				SDKROOT = iphoneos;
				SWIFT_ACTIVE_COMPILATION_CONDITIONS = "DEBUG $(inherited)";
				SWIFT_OPTIMIZATION_LEVEL = "-Onone";
			};
			name = Debug;
		};
		89403DFB301B9CFC002E3549 /* Release */ = {
			isa = XCBuildConfiguration;
			baseConfigurationReference = 5ECA2C37DBF830F3D6D54DD6 /* Config.xcconfig */;
			buildSettings = {
				ALWAYS_SEARCH_USER_PATHS = NO;
				ASSETCATALOG_COMPILER_GENERATE_SWIFT_ASSET_SYMBOL_EXTENSIONS = YES;
				CLANG_ANALYZER_NONNULL = YES;
				CLANG_ANALYZER_NUMBER_OBJECT_CONVERSION = YES_AGGRESSIVE;
				CLANG_CXX_LANGUAGE_STANDARD = "gnu++20";
				CLANG_ENABLE_MODULES = YES;
				CLANG_ENABLE_OBJC_ARC = YES;
				CLANG_ENABLE_OBJC_WEAK = YES;
				CLANG_WARN_BLOCK_CAPTURE_AUTORELEASING = YES;
				CLANG_WARN_BOOL_CONVERSION = YES;
				CLANG_WARN_COMMA = YES;
				CLANG_WARN_CONSTANT_CONVERSION = YES;
				CLANG_WARN_DEPRECATED_OBJC_IMPLEMENTATIONS = YES;
				CLANG_WARN_DIRECT_OBJC_ISA_USAGE = YES_ERROR;
				CLANG_WARN_DOCUMENTATION_COMMENTS = YES;
				CLANG_WARN_EMPTY_BODY = YES;
				CLANG_WARN_ENUM_CONVERSION = YES;
				CLANG_WARN_INFINITE_RECURSION = YES;
				CLANG_WARN_INT_CONVERSION = YES;
				CLANG_WARN_NON_LITERAL_NULL_CONVERSION = YES;
				CLANG_WARN_OBJC_IMPLICIT_RETAIN_SELF = YES;
				CLANG_WARN_OBJC_LITERAL_CONVERSION = YES;
				CLANG_WARN_OBJC_ROOT_CLASS = YES_ERROR;
				CLANG_WARN_QUOTED_INCLUDE_IN_FRAMEWORK_HEADER = YES;
				CLANG_WARN_RANGE_LOOP_ANALYSIS = YES;
				CLANG_WARN_STRICT_PROTOTYPES = YES;
				CLANG_WARN_SUSPICIOUS_MOVE = YES;
				CLANG_WARN_UNGUARDED_AVAILABILITY = YES_AGGRESSIVE;
				CLANG_WARN_UNREACHABLE_CODE = YES;
				CLANG_WARN__DUPLICATE_METHOD_MATCH = YES;
				COPY_PHASE_STRIP = NO;
				DEBUG_INFORMATION_FORMAT = "dwarf-with-dsym";
				ENABLE_NS_ASSERTIONS = NO;
				ENABLE_STRICT_OBJC_MSGSEND = YES;
				ENABLE_USER_SCRIPT_SANDBOXING = YES;
				GCC_C_LANGUAGE_STANDARD = gnu17;
				GCC_NO_COMMON_BLOCKS = YES;
				GCC_WARN_64_TO_32_BIT_CONVERSION = YES;
				GCC_WARN_ABOUT_RETURN_TYPE = YES_ERROR;
				GCC_WARN_UNDECLARED_SELECTOR = YES;
				GCC_WARN_UNINITIALIZED_AUTOS = YES_AGGRESSIVE;
				GCC_WARN_UNUSED_FUNCTION = YES;
				GCC_WARN_UNUSED_VARIABLE = YES;
				IPHONEOS_DEPLOYMENT_TARGET = 16.0;
				LOCALIZATION_PREFERS_STRING_CATALOGS = YES;
				MTL_ENABLE_DEBUG_INFO = NO;
				MTL_FAST_MATH = YES;
				SDKROOT = iphoneos;
				SWIFT_COMPILATION_MODE = wholemodule;
				VALIDATE_PRODUCT = YES;
			};
			name = Release;
		};
		89403DFD301B9CFC002E3549 /* Debug */ = {
			isa = XCBuildConfiguration;
			buildSettings = {
				APS_ENVIRONMENT = development;
				ASSETCATALOG_COMPILER_APPICON_NAME = AppIcon;
				ASSETCATALOG_COMPILER_GLOBAL_ACCENT_COLOR_NAME = AccentColor;
				CODE_SIGN_ENTITLEMENTS = "nano ewallet/nano ewallet.entitlements";
				CODE_SIGN_STYLE = Automatic;
				CURRENT_PROJECT_VERSION = 10;
				DEVELOPMENT_TEAM = VMJR9MUFZ5;
				ENABLE_PREVIEWS = YES;
				FRAMEWORK_SEARCH_PATHS = (
					"$(inherited)",
					"$(PROJECT_DIR)/Frameworks",
				);
				INFOPLIST_FILE = "nano ewallet/Info.plist";
				IPHONEOS_DEPLOYMENT_TARGET = 16.6;
				LD_RUNPATH_SEARCH_PATHS = (
					"$(inherited)",
					"@executable_path/Frameworks",
				);
				MARKETING_VERSION = 1.0;
				PRODUCT_BUNDLE_IDENTIFIER = vn.casso.nano;
				PRODUCT_NAME = "$(TARGET_NAME)";
				STRING_CATALOG_GENERATE_SYMBOLS = YES;
				SWIFT_APPROACHABLE_CONCURRENCY = YES;
				SWIFT_DEFAULT_ACTOR_ISOLATION = MainActor;
				SWIFT_EMIT_LOC_STRINGS = YES;
				SWIFT_UPCOMING_FEATURE_MEMBER_IMPORT_VISIBILITY = YES;
				SWIFT_VERSION = 5.0;
				TARGETED_DEVICE_FAMILY = "1,2";
			};
			name = Debug;
		};
		89403DFE301B9CFC002E3549 /* Release */ = {
			isa = XCBuildConfiguration;
			buildSettings = {
				APS_ENVIRONMENT = production;
				ASSETCATALOG_COMPILER_APPICON_NAME = AppIcon;
				ASSETCATALOG_COMPILER_GLOBAL_ACCENT_COLOR_NAME = AccentColor;
				CODE_SIGN_ENTITLEMENTS = "nano ewallet/nano ewallet.entitlements";
				CODE_SIGN_STYLE = Automatic;
				CURRENT_PROJECT_VERSION = 10;
				DEVELOPMENT_TEAM = VMJR9MUFZ5;
				ENABLE_PREVIEWS = YES;
				FRAMEWORK_SEARCH_PATHS = (
					"$(inherited)",
					"$(PROJECT_DIR)/Frameworks",
				);
				INFOPLIST_FILE = "nano ewallet/Info.plist";
				IPHONEOS_DEPLOYMENT_TARGET = 16.6;
				LD_RUNPATH_SEARCH_PATHS = (
					"$(inherited)",
					"@executable_path/Frameworks",
				);
				MARKETING_VERSION = 1.0;
				PRODUCT_BUNDLE_IDENTIFIER = vn.casso.nano;
				PRODUCT_NAME = "$(TARGET_NAME)";
				STRING_CATALOG_GENERATE_SYMBOLS = YES;
				SWIFT_APPROACHABLE_CONCURRENCY = YES;
				SWIFT_DEFAULT_ACTOR_ISOLATION = MainActor;
				SWIFT_EMIT_LOC_STRINGS = YES;
				SWIFT_UPCOMING_FEATURE_MEMBER_IMPORT_VISIBILITY = YES;
				SWIFT_VERSION = 5.0;
				TARGETED_DEVICE_FAMILY = "1,2";
			};
			name = Release;
		};
/* End XCBuildConfiguration section */

/* Begin XCConfigurationList section */
		89403DEC301B9CFB002E3549 /* Build configuration list for PBXProject "nano ewallet" */ = {
			isa = XCConfigurationList;
			buildConfigurations = (
				89403DFA301B9CFC002E3549 /* Debug */,
				89403DFB301B9CFC002E3549 /* Release */,
			);
			defaultConfigurationIsVisible = 0;
			defaultConfigurationName = Release;
		};
		89403DFC301B9CFC002E3549 /* Build configuration list for PBXNativeTarget "nano ewallet" */ = {
			isa = XCConfigurationList;
			buildConfigurations = (
				89403DFD301B9CFC002E3549 /* Debug */,
				89403DFE301B9CFC002E3549 /* Release */,
			);
			defaultConfigurationIsVisible = 0;
			defaultConfigurationName = Release;
		};
/* End XCConfigurationList section */

/* Begin XCRemoteSwiftPackageReference section */
		89CBBE57301D759C0083ACEE /* XCRemoteSwiftPackageReference "firebase-ios-sdk" */ = {
			isa = XCRemoteSwiftPackageReference;
			repositoryURL = "https://github.com/firebase/firebase-ios-sdk";
			requirement = {
				kind = upToNextMajorVersion;
				minimumVersion = 12.17.0;
			};
		};
/* End XCRemoteSwiftPackageReference section */

/* Begin XCSwiftPackageProductDependency section */
		89CBBE59301D75B30083ACEE /* FirebaseCore */ = {
			isa = XCSwiftPackageProductDependency;
			package = 89CBBE57301D759C0083ACEE /* XCRemoteSwiftPackageReference "firebase-ios-sdk" */;
			productName = FirebaseCore;
		};
		89CBBE5B301D75CE0083ACEE /* FirebaseMessaging */ = {
			isa = XCSwiftPackageProductDependency;
			package = 89CBBE57301D759C0083ACEE /* XCRemoteSwiftPackageReference "firebase-ios-sdk" */;
			productName = FirebaseMessaging;
		};
/* End XCSwiftPackageProductDependency section */
	};
	rootObject = 89403DE9301B9CFB002E3549 /* Project object */;
}
